// !$*UTF8*$!
{
	archiveVersion = 1;
	classes = {
	};
	objectVersion = 46;
	objects = {

/* Begin PBXBuildFile section */
		F3933A8A1DE0515800393553 /* AppDelegate.swift in Sources */ = {isa = PBXBuildFile; fileRef = F3933A891DE0515800393553 /* AppDelegate.swift */; };
		F3933A8C1DE0515800393553 /* ViewController.swift in Sources */ = {isa = PBXBuildFile; fileRef = F3933A8B1DE0515800393553 /* ViewController.swift */; };
		F3933A8F1DE0515800393553 /* Main.storyboard in Resources */ = {isa = PBXBuildFile; fileRef = F3933A8D1DE0515800393553 /* Main.storyboard */; };
		F3933A911DE0515800393553 /* Assets.xcassets in Resources */ = {isa = PBXBuildFile; fileRef = F3933A901DE0515800393553 /* Assets.xcassets */; };
		F3933A941DE0515800393553 /* LaunchScreen.storyboard in Resources */ = {isa = PBXBuildFile; fileRef = F3933A921DE0515800393553 /* LaunchScreen.storyboard */; };
/* End PBXBuildFile section */

/* Begin PBXFileReference section */
		F3933A861DE0515800393553 /* SwiftInstaCamera1.app */ = {isa = PBXFileReference; explicitFileType = wrapper.application; includeInIndex = 0; path = SwiftInstaCamera1.app; sourceTree = BUILT_PRODUCTS_DIR; };
		F3933A891DE0515800393553 /* AppDelegate.swift */ = {isa = PBXFileReference; lastKnownFileType = sourcecode.swift; path = AppDelegate.swift; sourceTree = "<group>"; };
		F3933A8B1DE0515800393553 /* ViewController.swift */ = {isa = PBXFileReference; lastKnownFileType = sourcecode.swift; path = ViewController.swift; sourceTree = "<group>"; };
		F3933A8E1DE0515800393553 /* Base */ = {isa = PBXFileReference; lastKnownFileType = file.storyboard; name = Base; path = Base.lproj/Main.storyboard; sourceTree = "<group>"; };
		F3933A901DE0515800393553 /* Assets.xcassets */ = {isa = PBXFileReference; lastKnownFileType = folder.assetcatalog; path = Assets.xcassets; sourceTree = "<group>"; };
		F3933A931DE0515800393553 /* Base */ = {isa = PBXFileReference; lastKnownFileType = file.storyboard; name = Base; path = Base.lproj/LaunchScreen.storyboard; sourceTree = "<group>"; };
		F3933A951DE0515800393553 /* Info.plist */ = {isa = PBXFileReference; lastKnownFileType = text.plist.xml; path = Info.plist; sourceTree = "<group>"; };
/* End PBXFileReference section */

/* Begin PBXFrameworksBuildPhase section */
		F3933A831DE0515800393553 /* Frameworks */ = {
			isa = PBXFrameworksBuildPhase;
			buildActionMask = 2147483647;
			files = (
			);
			runOnlyForDeploymentPostprocessing = 0;
		};
/* End PBXFrameworksBuildPhase section */

/* Begin PBXGroup section */
		F3933A7D1DE0515800393553 = {
			isa = PBXGroup;
			children = (
				F3933A881DE0515800393553 /* SwiftInstaCamera1 */,
				F3933A871DE0515800393553 /* Products */,
			);
			sourceTree = "<group>";
		};
		F3933A871DE0515800393553 /* Products */ = {
			isa = PBXGroup;
			children = (
				F3933A861DE0515800393553 /* SwiftInstaCamera1.app */,
			);
			name = Products;
			sourceTree = "<group>";
		};
		F3933A881DE0515800393553 /* SwiftInstaCamera1 */ = {
			isa = PBXGroup;
			children = (
				F3933A891DE0515800393553 /* AppDelegate.swift */,
				F3933A8B1DE0515800393553 /* ViewController.swift */,
				F3933A8D1DE0515800393553 /* Main.storyboard */,
				F3933A901DE0515800393553 /* Assets.xcassets */,
				F3933A921DE0515800393553 /* LaunchScreen.storyboard */,
				F3933A951DE0515800393553 /* Info.plist */,
			);
			path = SwiftInstaCamera1;
			sourceTree = "<group>";
		};
/* End PBXGroup section */

/* Begin PBXNativeTarget section */
		F3933A851DE0515800393553 /* SwiftInstaCamera1 */ = {
			isa = PBXNativeTarget;
			buildConfigurationList = F3933A981DE0515800393553 /* Build configuration list for PBXNativeTarget "SwiftInstaCamera1" */;
			buildPhases = (
				F3933A821DE0515800393553 /* Sources */,
				F3933A831DE0515800393553 /* Frameworks */,
				F3933A841DE0515800393553 /* Resources */,
			);
			buildRules = (
			);
			dependencies = (
			);
			name = SwiftInstaCamera1;
			productName = SwiftInstaCamera1;
			productReference = F3933A861DE0515800393553 /* SwiftInstaCamera1.app */;
			productType = "com.apple.product-type.application";
		};
/* End PBXNativeTarget section */

/* Begin PBXProject section */
		F3933A7E1DE0515800393553 /* Project object */ = {
			isa = PBXProject;
			attributes = {
				LastSwiftUpdateCheck = 0810;
				LastUpgradeCheck = 0810;
				ORGANIZATIONNAME = "宮本一彦";
				TargetAttributes = {
					F3933A851DE0515800393553 = {
						CreatedOnToolsVersion = 8.1;
						ProvisioningStyle = Automatic;
					};
				};
			};
			buildConfigurationList = F3933A811DE0515800393553 /* Build configuration list for PBXProject "SwiftInstaCamera1" */;
			compatibilityVersion = "Xcode 3.2";
			developmentRegion = English;
			hasScannedForEncodings = 0;
			knownRegions = (
				en,
				Base,
			);
			mainGroup = F3933A7D1DE0515800393553;
			productRefGroup = F3933A871DE0515800393553 /* Products */;
			projectDirPath = "";
			projectRoot = "";
			targets = (
				F3933A851DE0515800393553 /* SwiftInstaCamera1 */,
			);
		};
/* End PBXProject section */

/* Begin PBXResourcesBuildPhase section */
		F3933A841DE0515800393553 /* Resources */ = {
			isa = PBXResourcesBuildPhase;
			buildActionMask = 2147483647;
			files = (
				F3933A941DE0515800393553 /* LaunchScreen.storyboard in Resources */,
				F3933A911DE0515800393553 /* Assets.xcassets in Resources */,
				F3933A8F1DE0515800393553 /* Main.storyboard in Resources */,
			);
			runOnlyForDeploymentPostprocessing = 0;
		};
/* End PBXResourcesBuildPhase section */

/* Begin PBXSourcesBuildPhase section */
		F3933A821DE0515800393553 /* Sources */ = {
			isa = PBXSourcesBuildPhase;
			buildActionMask = 2147483647;
			files = (
				F3933A8C1DE0515800393553 /* ViewController.swift in Sources */,
				F3933A8A1DE0515800393553 /* AppDelegate.swift in Sources */,
			);
			runOnlyForDeploymentPostprocessing = 0;
		};
/* End PBXSourcesBuildPhase section */

/* Begin PBXVariantGroup section */
		F3933A8D1DE0515800393553 /* Main.storyboard */ = {
			isa = PBXVariantGroup;
			children = (
				F3933A8E1DE0515800393553 /* Base */,
			);
			name = Main.storyboard;
			sourceTree = "<group>";
		};
		F3933A921DE0515800393553 /* LaunchScreen.storyboard */ = {
			isa = PBXVariantGroup;
			children = (
				F3933A931DE0515800393553 /* Base */,
			);
			name = LaunchScreen.storyboard;
			sourceTree = "<group>";
		};
/* End PBXVariantGroup section */

/* Begin XCBuildConfiguration section */
		F3933A961DE0515800393553 /* Debug */ = {
			isa = XCBuildConfiguration;
			buildSettings = {
				ALWAYS_SEARCH_USER_PATHS = NO;
				CLANG_ANALYZER_NONNULL = YES;
				CLANG_CXX_LANGUAGE_STANDARD = "gnu++0x";
				CLANG_CXX_LIBRARY = "libc++";
				CLANG_ENABLE_MODULES = YES;
				CLANG_ENABLE_OBJC_ARC = YES;
				CLANG_WARN_BOOL_CONVERSION = YES;
				CLANG_WARN_CONSTANT_CONVERSION = YES;
				CLANG_WARN_DIRECT_OBJC_ISA_USAGE = YES_ERROR;
				CLANG_WARN_DOCUMENTATION_COMMENTS = YES;
				CLANG_WARN_EMPTY_BODY = YES;
				CLANG_WARN_ENUM_CONVERSION = YES;
				CLANG_WARN_INFINITE_RECURSION = YES;
				CLANG_WARN_INT_CONVERSION = YES;
				CLANG_WARN_OBJC_ROOT_CLASS = YES_ERROR;
				CLANG_WARN_SUSPICIOUS_MOVES = YES;
				CLANG_WARN_UNREACHABLE_CODE = YES;
				CLANG_WARN__DUPLICATE_METHOD_MATCH = YES;
				"CODE_SIGN_IDENTITY[sdk=iphoneos*]" = "iPhone Developer";
				COPY_PHASE_STRIP = NO;
				DEBUG_INFORMATION_FORMAT = dwarf;
				ENABLE_STRICT_OBJC_MSGSEND = YES;
				ENABLE_TESTABILITY = YES;
				GCC_C_LANGUAGE_STANDARD = gnu99;
				GCC_DYNAMIC_NO_PIC = NO;
				GCC_NO_COMMON_BLOCKS = YES;
				GCC_OPTIMIZATION_LEVEL = 0;
				GCC_PREPROCESSOR_DEFINITIONS = (
					"DEBUG=1",
					"$(inherited)",
				);
				GCC_WARN_64_TO_32_BIT_CONVERSION = YES;
				GCC_WARN_ABOUT_RETURN_TYPE = YES_ERROR;
				GCC_WARN_UNDECLARED_SELECTOR = YES;
				GCC_WARN_UNINITIALIZED_AUTOS = YES_AGGRESSIVE;
				GCC_WARN_UNUSED_FUNCTION = YES;
				GCC_WARN_UNUSED_VARIABLE = YES;
				IPHONEOS_DEPLOYMENT_TARGET = 10.1;
				MTL_ENABLE_DEBUG_INFO = YES;
				ONLY_ACTIVE_ARCH = YES;
				SDKROOT = iphoneos;
				SWIFT_ACTIVE_COMPILATION_CONDITIONS = DEBUG;
				SWIFT_OPTIMIZATION_LEVEL = "-Onone";
			};
			name = Debug;
		};
		F3933A971DE0515800393553 /* Release */ = {
			isa = XCBuildConfiguration;
			buildSettings = {
				ALWAYS_SEARCH_USER_PATHS = NO;
				CLANG_ANALYZER_NONNULL = YES;
				CLANG_CXX_LANGUAGE_STANDARD = "gnu++0x";
				CLANG_CXX_LIBRARY = "libc++";
				CLANG_ENABLE_MODULES = YES;
				CLANG_ENABLE_OBJC_ARC = YES;
				CLANG_WARN_BOOL_CONVERSION = YES;
				CLANG_WARN_CONSTANT_CONVERSION = YES;
				CLANG_WARN_DIRECT_OBJC_ISA_USAGE = YES_ERROR;
				CLANG_WARN_DOCUMENTATION_COMMENTS = YES;
				CLANG_WARN_EMPTY_BODY = YES;
				CLANG_WARN_ENUM_CONVERSION = YES;
				CLANG_WARN_INFINITE_RECURSION = YES;
				CLANG_WARN_INT_CONVERSION = YES;
				CLANG_WARN_OBJC_ROOT_CLASS = YES_ERROR;
				CLANG_WARN_SUSPICIOUS_MOVES = YES;
				CLANG_WARN_UNREACHABLE_CODE = YES;
				CLANG_WARN__DUPLICATE_METHOD_MATCH = YES;
				"CODE_SIGN_IDENTITY[sdk=iphoneos*]" = "iPhone Developer";
				COPY_PHASE_STRIP = NO;
				DEBUG_INFORMATION_FORMAT = "dwarf-with-dsym";
				ENABLE_NS_ASSERTIONS = NO;
				ENABLE_STRICT_OBJC_MSGSEND = YES;
				GCC_C_LANGUAGE_STANDARD = gnu99;
				GCC_NO_COMMON_BLOCKS = YES;
				GCC_WARN_64_TO_32_BIT_CONVERSION = YES;
				GCC_WARN_ABOUT_RETURN_TYPE = YES_ERROR;
				GCC_WARN_UNDECLARED_SELECTOR = YES;
				GCC_WARN_UNINITIALIZED_AUTOS = YES_AGGRESSIVE;
				GCC_WARN_UNUSED_FUNCTION = YES;
				GCC_WARN_UNUSED_VARIABLE = YES;
				IPHONEOS_DEPLOYMENT_TARGET = 10.1;
				MTL_ENABLE_DEBUG_INFO = NO;
				SDKROOT = iphoneos;
				SWIFT_OPTIMIZATION_LEVEL = "-Owholemodule";
				VALIDATE_PRODUCT = YES;
			};
			name = Release;
		};
		F3933A991DE0515800393553 /* Debug */ = {
			isa = XCBuildConfiguration;
			buildSettings = {
				ASSETCATALOG_COMPILER_APPICON_NAME = AppIcon;
				INFOPLIST_FILE = SwiftInstaCamera1/Info.plist;
				LD_RUNPATH_SEARCH_PATHS = "$(inherited) @executable_path/Frameworks";
				PRODUCT_BUNDLE_IDENTIFIER = com.musashi.SwiftInstaCamera1;
				PRODUCT_NAME = "$(TARGET_NAME)";
				SWIFT_VERSION = 3.0;
			};
			name = Debug;
		};
		F3933A9A1DE0515800393553 /* Release */ = {
			isa = XCBuildConfiguration;
			buildSettings = {
				ASSETCATALOG_COMPILER_APPICON_NAME = AppIcon;
				INFOPLIST_FILE = SwiftInstaCamera1/Info.plist;
				LD_RUNPATH_SEARCH_PATHS = "$(inherited) @executable_path/Frameworks";
				PRODUCT_BUNDLE_IDENTIFIER = com.musashi.SwiftInstaCamera1;
				PRODUCT_NAME = "$(TARGET_NAME)";
				SWIFT_VERSION = 3.0;
			};
			name = Release;
		};
/* End XCBuildConfiguration section */

/* Begin XCConfigurationList section */
		F3933A811DE0515800393553 /* Build configuration list for PBXProject "SwiftInstaCamera1" */ = {
			isa = XCConfigurationList;
			buildConfigurations = (
				F3933A961DE0515800393553 /* Debug */,
				F3933A971DE0515800393553 /* Release */,
			);
			defaultConfigurationIsVisible = 0;
			defaultConfigurationName = Release;
		};
		F3933A981DE0515800393553 /* Build configuration list for PBXNativeTarget "SwiftInstaCamera1" */ = {
			isa = XCConfigurationList;
			buildConfigurations = (
				F3933A991DE0515800393553 /* Debug */,
				F3933A9A1DE0515800393553 /* Release */,
			);
			defaultConfigurationIsVisible = 0;
		};
/* End XCConfigurationList section */
	};
	rootObject = F3933A7E1DE0515800393553 /* Project object */;
}
